// !$*UTF8*$!
{
	archiveVersion = 1;
	classes = {
	};
	objectVersion = 46;
	objects = {

/* Begin PBXBuildFile section */
		49FB28851D5B9D58009FADF3 /* AppDelegate.swift in Sources */ = {isa = PBXBuildFile; fileRef = 49FB28841D5B9D58009FADF3 /* AppDelegate.swift */; };
		49FB28871D5B9D58009FADF3 /* ViewController.swift in Sources */ = {isa = PBXBuildFile; fileRef = 49FB28861D5B9D58009FADF3 /* ViewController.swift */; };
		49FB288A1D5B9D58009FADF3 /* Main.storyboard in Resources */ = {isa = PBXBuildFile; fileRef = 49FB28881D5B9D58009FADF3 /* Main.storyboard */; };
		49FB288C1D5B9D58009FADF3 /* Assets.xcassets in Resources */ = {isa = PBXBuildFile; fileRef = 49FB288B1D5B9D58009FADF3 /* Assets.xcassets */; };
		49FB288F1D5B9D58009FADF3 /* LaunchScreen.storyboard in Resources */ = {isa = PBXBuildFile; fileRef = 49FB288D1D5B9D58009FADF3 /* LaunchScreen.storyboard */; };
		49FB289E1D5B9E2C009FADF3 /* Settings.bundle in Resources */ = {isa = PBXBuildFile; fileRef = 49FB289D1D5B9E2C009FADF3 /* Settings.bundle */; };
/* End PBXBuildFile section */

/* Begin PBXFileReference section */
		49FB28811D5B9D58009FADF3 /* hoods.app */ = {isa = PBXFileReference; explicitFileType = wrapper.application; includeInIndex = 0; path = hoods.app; sourceTree = BUILT_PRODUCTS_DIR; };
		49FB28841D5B9D58009FADF3 /* AppDelegate.swift */ = {isa = PBXFileReference; lastKnownFileType = sourcecode.swift; path = AppDelegate.swift; sourceTree = "<group>"; };
		49FB28861D5B9D58009FADF3 /* ViewController.swift */ = {isa = PBXFileReference; lastKnownFileType = sourcecode.swift; path = ViewController.swift; sourceTree = "<group>"; };
		49FB28891D5B9D58009FADF3 /* Base */ = {isa = PBXFileReference; lastKnownFileType = file.storyboard; name = Base; path = Base.lproj/Main.storyboard; sourceTree = "<group>"; };
		49FB288B1D5B9D58009FADF3 /* Assets.xcassets */ = {isa = PBXFileReference; lastKnownFileType = folder.assetcatalog; path = Assets.xcassets; sourceTree = "<group>"; };
		49FB288E1D5B9D58009FADF3 /* Base */ = {isa = PBXFileReference; lastKnownFileType = file.storyboard; name = Base; path = Base.lproj/LaunchScreen.storyboard; sourceTree = "<group>"; };
		49FB28961D5B9DA5009FADF3 /* Info.plist */ = {isa = PBXFileReference; fileEncoding = 4; lastKnownFileType = text.plist.xml; path = Info.plist; sourceTree = "<group>"; };
		49FB289D1D5B9E2C009FADF3 /* Settings.bundle */ = {isa = PBXFileReference; lastKnownFileType = "wrapper.plug-in"; name = Settings.bundle; path = ../Settings.bundle; sourceTree = "<group>"; };
/* End PBXFileReference section */

/* Begin PBXFrameworksBuildPhase section */
		49FB287E1D5B9D58009FADF3 /* Frameworks */ = {
			isa = PBXFrameworksBuildPhase;
			buildActionMask = 2147483647;
			files = (
			);
			runOnlyForDeploymentPostprocessing = 0;
		};
/* End PBXFrameworksBuildPhase section */

/* Begin PBXGroup section */
		49FB28781D5B9D58009FADF3 = {
			isa = PBXGroup;
			children = (
				49FB28831D5B9D58009FADF3 /* hoods */,
				49FB28821D5B9D58009FADF3 /* Products */,
			);
			sourceTree = "<group>";
		};
		49FB28821D5B9D58009FADF3 /* Products */ = {
			isa = PBXGroup;
			children = (
				49FB28811D5B9D58009FADF3 /* hoods.app */,
			);
			name = Products;
			sourceTree = "<group>";
		};
		49FB28831D5B9D58009FADF3 /* hoods */ = {
			isa = PBXGroup;
			children = (
				49FB28981D5B9DB3009FADF3 /* Views */,
				49FB28991D5B9DBA009FADF3 /* Controllers */,
				49FB289A1D5B9DC2009FADF3 /* Models */,
				49FB289B1D5B9DCA009FADF3 /* Resources */,
				49FB289C1D5B9DF4009FADF3 /* Infrastructure */,
			);
			path = hoods;
			sourceTree = "<group>";
		};
		49FB28981D5B9DB3009FADF3 /* Views */ = {
			isa = PBXGroup;
			children = (
				49FB28881D5B9D58009FADF3 /* Main.storyboard */,
				49FB288D1D5B9D58009FADF3 /* LaunchScreen.storyboard */,
			);
			name = Views;
			sourceTree = "<group>";
		};
		49FB28991D5B9DBA009FADF3 /* Controllers */ = {
			isa = PBXGroup;
			children = (
				49FB28861D5B9D58009FADF3 /* ViewController.swift */,
			);
			name = Controllers;
			sourceTree = "<group>";
		};
		49FB289A1D5B9DC2009FADF3 /* Models */ = {
			isa = PBXGroup;
			children = (
			);
			name = Models;
			sourceTree = "<group>";
		};
		49FB289B1D5B9DCA009FADF3 /* Resources */ = {
			isa = PBXGroup;
			children = (
				49FB288B1D5B9D58009FADF3 /* Assets.xcassets */,
			);
			name = Resources;
			sourceTree = "<group>";
		};
		49FB289C1D5B9DF4009FADF3 /* Infrastructure */ = {
			isa = PBXGroup;
			children = (
				49FB28841D5B9D58009FADF3 /* AppDelegate.swift */,
				49FB28961D5B9DA5009FADF3 /* Info.plist */,
				49FB289D1D5B9E2C009FADF3 /* Settings.bundle */,
			);
			name = Infrastructure;
			sourceTree = "<group>";
		};
/* End PBXGroup section */

/* Begin PBXNativeTarget section */
		49FB28801D5B9D58009FADF3 /* hoods */ = {
			isa = PBXNativeTarget;
			buildConfigurationList = 49FB28931D5B9D58009FADF3 /* Build configuration list for PBXNativeTarget "hoods" */;
			buildPhases = (
				49FB287D1D5B9D58009FADF3 /* Sources */,
				49FB287E1D5B9D58009FADF3 /* Frameworks */,
				49FB287F1D5B9D58009FADF3 /* Resources */,
			);
			buildRules = (
			);
			dependencies = (
			);
			name = hoods;
			productName = hoods;
			productReference = 49FB28811D5B9D58009FADF3 /* hoods.app */;
			productType = "com.apple.product-type.application";
		};
/* End PBXNativeTarget section */

/* Begin PBXProject section */
		49FB28791D5B9D58009FADF3 /* Project object */ = {
			isa = PBXProject;
			attributes = {
				LastSwiftUpdateCheck = 0730;
				LastUpgradeCheck = 0730;
				ORGANIZATIONNAME = YugeTech;
				TargetAttributes = {
					49FB28801D5B9D58009FADF3 = {
						CreatedOnToolsVersion = 7.3.1;
					};
				};
			};
			buildConfigurationList = 49FB287C1D5B9D58009FADF3 /* Build configuration list for PBXProject "hoods" */;
			compatibilityVersion = "Xcode 3.2";
			developmentRegion = English;
			hasScannedForEncodings = 0;
			knownRegions = (
				en,
				Base,
			);
			mainGroup = 49FB28781D5B9D58009FADF3;
			productRefGroup = 49FB28821D5B9D58009FADF3 /* Products */;
			projectDirPath = "";
			projectRoot = "";
			targets = (
				49FB28801D5B9D58009FADF3 /* hoods */,
			);
		};
/* End PBXProject section */

/* Begin PBXResourcesBuildPhase section */
		49FB287F1D5B9D58009FADF3 /* Resources */ = {
			isa = PBXResourcesBuildPhase;
			buildActionMask = 2147483647;
			files = (
				49FB288F1D5B9D58009FADF3 /* LaunchScreen.storyboard in Resources */,
				49FB289E1D5B9E2C009FADF3 /* Settings.bundle in Resources */,
				49FB288C1D5B9D58009FADF3 /* Assets.xcassets in Resources */,
				49FB288A1D5B9D58009FADF3 /* Main.storyboard in Resources */,
			);
			runOnlyForDeploymentPostprocessing = 0;
		};
/* End PBXResourcesBuildPhase section */

/* Begin PBXSourcesBuildPhase section */
		49FB287D1D5B9D58009FADF3 /* Sources */ = {
			isa = PBXSourcesBuildPhase;
			buildActionMask = 2147483647;
			files = (
				49FB28871D5B9D58009FADF3 /* ViewController.swift in Sources */,
				49FB28851D5B9D58009FADF3 /* AppDelegate.swift in Sources */,
			);
			runOnlyForDeploymentPostprocessing = 0;
		};
/* End PBXSourcesBuildPhase section */

/* Begin PBXVariantGroup section */
		49FB28881D5B9D58009FADF3 /* Main.storyboard */ = {
			isa = PBXVariantGroup;
			children = (
				49FB28891D5B9D58009FADF3 /* Base */,
			);
			name = Main.storyboard;
			sourceTree = "<group>";
		};
		49FB288D1D5B9D58009FADF3 /* LaunchScreen.storyboard */ = {
			isa = PBXVariantGroup;
			children = (
				49FB288E1D5B9D58009FADF3 /* Base */,
			);
			name = LaunchScreen.storyboard;
			sourceTree = "<group>";
		};
/* End PBXVariantGroup section */

/* Begin XCBuildConfiguration section */
		49FB28911D5B9D58009FADF3 /* Debug */ = {
			isa = XCBuildConfiguration;
			buildSettings = {
				ALWAYS_SEARCH_USER_PATHS = NO;
				CLANG_ANALYZER_NONNULL = YES;
				CLANG_CXX_LANGUAGE_STANDARD = "gnu++0x";
				CLANG_CXX_LIBRARY = "libc++";
				CLANG_ENABLE_MODULES = YES;
				CLANG_ENABLE_OBJC_ARC = YES;
				CLANG_WARN_BOOL_CONVERSION = YES;
				CLANG_WARN_CONSTANT_CONVERSION = YES;
				CLANG_WARN_DIRECT_OBJC_ISA_USAGE = YES_ERROR;
				CLANG_WARN_EMPTY_BODY = YES;
				CLANG_WARN_ENUM_CONVERSION = YES;
				CLANG_WARN_INT_CONVERSION = YES;
				CLANG_WARN_OBJC_ROOT_CLASS = YES_ERROR;
				CLANG_WARN_UNREACHABLE_CODE = YES;
				CLANG_WARN__DUPLICATE_METHOD_MATCH = YES;
				"CODE_SIGN_IDENTITY[sdk=iphoneos*]" = "iPhone Developer";
				COPY_PHASE_STRIP = NO;
				DEBUG_INFORMATION_FORMAT = dwarf;
				ENABLE_STRICT_OBJC_MSGSEND = YES;
				ENABLE_TESTABILITY = YES;
				GCC_C_LANGUAGE_STANDARD = gnu99;
				GCC_DYNAMIC_NO_PIC = NO;
				GCC_NO_COMMON_BLOCKS = YES;
				GCC_OPTIMIZATION_LEVEL = 0;
				GCC_PREPROCESSOR_DEFINITIONS = (
					"DEBUG=1",
					"$(inherited)",
				);
				GCC_WARN_64_TO_32_BIT_CONVERSION = YES;
				GCC_WARN_ABOUT_RETURN_TYPE = YES_ERROR;
				GCC_WARN_UNDECLARED_SELECTOR = YES;
				GCC_WARN_UNINITIALIZED_AUTOS = YES_AGGRESSIVE;
				GCC_WARN_UNUSED_FUNCTION = YES;
				GCC_WARN_UNUSED_VARIABLE = YES;
				IPHONEOS_DEPLOYMENT_TARGET = 9.3;
				MTL_ENABLE_DEBUG_INFO = YES;
				ONLY_ACTIVE_ARCH = YES;
				SDKROOT = iphoneos;
				SWIFT_OPTIMIZATION_LEVEL = "-Onone";
			};
			name = Debug;
		};
		49FB28921D5B9D58009FADF3 /* Release */ = {
			isa = XCBuildConfiguration;
			buildSettings = {
				ALWAYS_SEARCH_USER_PATHS = NO;
				CLANG_ANALYZER_NONNULL = YES;
				CLANG_CXX_LANGUAGE_STANDARD = "gnu++0x";
				CLANG_CXX_LIBRARY = "libc++";
				CLANG_ENABLE_MODULES = YES;
				CLANG_ENABLE_OBJC_ARC = YES;
				CLANG_WARN_BOOL_CONVERSION = YES;
				CLANG_WARN_CONSTANT_CONVERSION = YES;
				CLANG_WARN_DIRECT_OBJC_ISA_USAGE = YES_ERROR;
				CLANG_WARN_EMPTY_BODY = YES;
				CLANG_WARN_ENUM_CONVERSION = YES;
				CLANG_WARN_INT_CONVERSION = YES;
				CLANG_WARN_OBJC_ROOT_CLASS = YES_ERROR;
				CLANG_WARN_UNREACHABLE_CODE = YES;
				CLANG_WARN__DUPLICATE_METHOD_MATCH = YES;
				"CODE_SIGN_IDENTITY[sdk=iphoneos*]" = "iPhone Developer";
				COPY_PHASE_STRIP = NO;
				DEBUG_INFORMATION_FORMAT = "dwarf-with-dsym";
				ENABLE_NS_ASSERTIONS = NO;
				ENABLE_STRICT_OBJC_MSGSEND = YES;
				GCC_C_LANGUAGE_STANDARD = gnu99;
				GCC_NO_COMMON_BLOCKS = YES;
				GCC_WARN_64_TO_32_BIT_CONVERSION = YES;
				GCC_WARN_ABOUT_RETURN_TYPE = YES_ERROR;
				GCC_WARN_UNDECLARED_SELECTOR = YES;
				GCC_WARN_UNINITIALIZED_AUTOS = YES_AGGRESSIVE;
				GCC_WARN_UNUSED_FUNCTION = YES;
				GCC_WARN_UNUSED_VARIABLE = YES;
				IPHONEOS_DEPLOYMENT_TARGET = 9.3;
				MTL_ENABLE_DEBUG_INFO = NO;
				SDKROOT = iphoneos;
				VALIDATE_PRODUCT = YES;
			};
			name = Release;
		};
		49FB28941D5B9D58009FADF3 /* Debug */ = {
			isa = XCBuildConfiguration;
			buildSettings = {
				ASSETCATALOG_COMPILER_APPICON_NAME = AppIcon;
				INFOPLIST_FILE = hoods/Info.plist;
				LD_RUNPATH_SEARCH_PATHS = "$(inherited) @executable_path/Frameworks";
				PRODUCT_BUNDLE_IDENTIFIER = com.yugetech.hoods;
				PRODUCT_NAME = "$(TARGET_NAME)";
			};
			name = Debug;
		};
		49FB28951D5B9D58009FADF3 /* Release */ = {
			isa = XCBuildConfiguration;
			buildSettings = {
				ASSETCATALOG_COMPILER_APPICON_NAME = AppIcon;
				INFOPLIST_FILE = hoods/Info.plist;
				LD_RUNPATH_SEARCH_PATHS = "$(inherited) @executable_path/Frameworks";
				PRODUCT_BUNDLE_IDENTIFIER = com.yugetech.hoods;
				PRODUCT_NAME = "$(TARGET_NAME)";
			};
			name = Release;
		};
/* End XCBuildConfiguration section */

/* Begin XCConfigurationList section */
		49FB287C1D5B9D58009FADF3 /* Build configuration list for PBXProject "hoods" */ = {
			isa = XCConfigurationList;
			buildConfigurations = (
				49FB28911D5B9D58009FADF3 /* Debug */,
				49FB28921D5B9D58009FADF3 /* Release */,
			);
			defaultConfigurationIsVisible = 0;
			defaultConfigurationName = Release;
		};
		49FB28931D5B9D58009FADF3 /* Build configuration list for PBXNativeTarget "hoods" */ = {
			isa = XCConfigurationList;
			buildConfigurations = (
				49FB28941D5B9D58009FADF3 /* Debug */,
				49FB28951D5B9D58009FADF3 /* Release */,
			);
			defaultConfigurationIsVisible = 0;
		};
/* End XCConfigurationList section */
	};
	rootObject = 49FB28791D5B9D58009FADF3 /* Project object */;
}
